// !$*UTF8*$!
{
	archiveVersion = 1;
	classes = {
	};
	objectVersion = 55;
	objects = {

/* Begin PBXBuildFile section */
		3B4A089027AA7B790023FAFD /* AppDelegate.swift in Sources */ = {isa = PBXBuildFile; fileRef = 3B4A088F27AA7B790023FAFD /* AppDelegate.swift */; };
		3B4A089227AA7B790023FAFD /* SceneDelegate.swift in Sources */ = {isa = PBXBuildFile; fileRef = 3B4A089127AA7B790023FAFD /* SceneDelegate.swift */; };
		3B4A089727AA7B790023FAFD /* Main.storyboard in Resources */ = {isa = PBXBuildFile; fileRef = 3B4A089527AA7B790023FAFD /* Main.storyboard */; };
		3B4A089927AA7B7B0023FAFD /* Assets.xcassets in Resources */ = {isa = PBXBuildFile; fileRef = 3B4A089827AA7B7B0023FAFD /* Assets.xcassets */; };
		3B4A089C27AA7B7B0023FAFD /* LaunchScreen.storyboard in Resources */ = {isa = PBXBuildFile; fileRef = 3B4A089A27AA7B7B0023FAFD /* LaunchScreen.storyboard */; };
		3B4A08AC27AA7C5D0023FAFD /* Movie.swift in Sources */ = {isa = PBXBuildFile; fileRef = 3B4A08AB27AA7C5D0023FAFD /* Movie.swift */; };
		3B4A08AE27AA7C880023FAFD /* MovieTableViewCell.swift in Sources */ = {isa = PBXBuildFile; fileRef = 3B4A08AD27AA7C880023FAFD /* MovieTableViewCell.swift */; };
		3B4A08B027AA7CB80023FAFD /* MovieController.swift in Sources */ = {isa = PBXBuildFile; fileRef = 3B4A08AF27AA7CB80023FAFD /* MovieController.swift */; };
		3B4A08B227AA7D020023FAFD /* MoviesListTableViewController.swift in Sources */ = {isa = PBXBuildFile; fileRef = 3B4A08B127AA7D010023FAFD /* MoviesListTableViewController.swift */; };
		3B4A08B727AA7DC00023FAFD /* NetworkError.swift in Sources */ = {isa = PBXBuildFile; fileRef = 3B4A08B627AA7DC00023FAFD /* NetworkError.swift */; };
/* End PBXBuildFile section */

/* Begin PBXFileReference section */
		3B4A088C27AA7B790023FAFD /* MovieAPI.app */ = {isa = PBXFileReference; explicitFileType = wrapper.application; includeInIndex = 0; path = MovieAPI.app; sourceTree = BUILT_PRODUCTS_DIR; };
		3B4A088F27AA7B790023FAFD /* AppDelegate.swift */ = {isa = PBXFileReference; lastKnownFileType = sourcecode.swift; path = AppDelegate.swift; sourceTree = "<group>"; };
		3B4A089127AA7B790023FAFD /* SceneDelegate.swift */ = {isa = PBXFileReference; lastKnownFileType = sourcecode.swift; path = SceneDelegate.swift; sourceTree = "<group>"; };
		3B4A089627AA7B790023FAFD /* Base */ = {isa = PBXFileReference; lastKnownFileType = file.storyboard; name = Base; path = Base.lproj/Main.storyboard; sourceTree = "<group>"; };
		3B4A089827AA7B7B0023FAFD /* Assets.xcassets */ = {isa = PBXFileReference; lastKnownFileType = folder.assetcatalog; path = Assets.xcassets; sourceTree = "<group>"; };
		3B4A089B27AA7B7B0023FAFD /* Base */ = {isa = PBXFileReference; lastKnownFileType = file.storyboard; name = Base; path = Base.lproj/LaunchScreen.storyboard; sourceTree = "<group>"; };
		3B4A089D27AA7B7B0023FAFD /* Info.plist */ = {isa = PBXFileReference; lastKnownFileType = text.plist.xml; path = Info.plist; sourceTree = "<group>"; };
		3B4A08AB27AA7C5D0023FAFD /* Movie.swift */ = {isa = PBXFileReference; lastKnownFileType = sourcecode.swift; path = Movie.swift; sourceTree = "<group>"; };
		3B4A08AD27AA7C880023FAFD /* MovieTableViewCell.swift */ = {isa = PBXFileReference; lastKnownFileType = sourcecode.swift; path = MovieTableViewCell.swift; sourceTree = "<group>"; };
		3B4A08AF27AA7CB80023FAFD /* MovieController.swift */ = {isa = PBXFileReference; lastKnownFileType = sourcecode.swift; path = MovieController.swift; sourceTree = "<group>"; };
		3B4A08B127AA7D010023FAFD /* MoviesListTableViewController.swift */ = {isa = PBXFileReference; lastKnownFileType = sourcecode.swift; path = MoviesListTableViewController.swift; sourceTree = "<group>"; };
		3B4A08B627AA7DC00023FAFD /* NetworkError.swift */ = {isa = PBXFileReference; lastKnownFileType = sourcecode.swift; path = NetworkError.swift; sourceTree = "<group>"; };
/* End PBXFileReference section */

/* Begin PBXFrameworksBuildPhase section */
		3B4A088927AA7B790023FAFD /* Frameworks */ = {
			isa = PBXFrameworksBuildPhase;
			buildActionMask = 2147483647;
			files = (
			);
			runOnlyForDeploymentPostprocessing = 0;
		};
/* End PBXFrameworksBuildPhase section */

/* Begin PBXGroup section */
		3B4A088327AA7B790023FAFD = {
			isa = PBXGroup;
			children = (
				3B4A088E27AA7B790023FAFD /* MovieAPI */,
				3B4A088D27AA7B790023FAFD /* Products */,
			);
			sourceTree = "<group>";
		};
		3B4A088D27AA7B790023FAFD /* Products */ = {
			isa = PBXGroup;
			children = (
				3B4A088C27AA7B790023FAFD /* MovieAPI.app */,
			);
			name = Products;
			sourceTree = "<group>";
		};
		3B4A088E27AA7B790023FAFD /* MovieAPI */ = {
			isa = PBXGroup;
			children = (
				3B4A08AA27AA7C3E0023FAFD /* Models */,
				3B4A08A727AA7BFF0023FAFD /* Views */,
				3B4A08A427AA7BC50023FAFD /* Controllers */,
				3B4A08B527AA7D7F0023FAFD /* Helpers+Extensions */,
				3B4A08A327AA7B930023FAFD /* Resources */,
			);
			path = MovieAPI;
			sourceTree = "<group>";
		};
		3B4A08A327AA7B930023FAFD /* Resources */ = {
			isa = PBXGroup;
			children = (
				3B4A088F27AA7B790023FAFD /* AppDelegate.swift */,
				3B4A089127AA7B790023FAFD /* SceneDelegate.swift */,
				3B4A089827AA7B7B0023FAFD /* Assets.xcassets */,
				3B4A089D27AA7B7B0023FAFD /* Info.plist */,
			);
			path = Resources;
			sourceTree = "<group>";
		};
		3B4A08A427AA7BC50023FAFD /* Controllers */ = {
			isa = PBXGroup;
			children = (
				3B4A08A527AA7BDC0023FAFD /* ModelControllers */,
				3B4A08A627AA7BEA0023FAFD /* ViewControllers */,
			);
			path = Controllers;
			sourceTree = "<group>";
		};
		3B4A08A527AA7BDC0023FAFD /* ModelControllers */ = {
			isa = PBXGroup;
			children = (
				3B4A08AF27AA7CB80023FAFD /* MovieController.swift */,
			);
			path = ModelControllers;
			sourceTree = "<group>";
		};
		3B4A08A627AA7BEA0023FAFD /* ViewControllers */ = {
			isa = PBXGroup;
			children = (
				3B4A08B127AA7D010023FAFD /* MoviesListTableViewController.swift */,
			);
			path = ViewControllers;
			sourceTree = "<group>";
		};
		3B4A08A727AA7BFF0023FAFD /* Views */ = {
			isa = PBXGroup;
			children = (
				3B4A08A927AA7C170023FAFD /* CustomVews */,
				3B4A08A827AA7C080023FAFD /* Storyboards */,
			);
			path = Views;
			sourceTree = "<group>";
		};
		3B4A08A827AA7C080023FAFD /* Storyboards */ = {
			isa = PBXGroup;
			children = (
				3B4A089527AA7B790023FAFD /* Main.storyboard */,
				3B4A089A27AA7B7B0023FAFD /* LaunchScreen.storyboard */,
			);
			path = Storyboards;
			sourceTree = "<group>";
		};
		3B4A08A927AA7C170023FAFD /* CustomVews */ = {
			isa = PBXGroup;
			children = (
				3B4A08AD27AA7C880023FAFD /* MovieTableViewCell.swift */,
			);
			path = CustomVews;
			sourceTree = "<group>";
		};
		3B4A08AA27AA7C3E0023FAFD /* Models */ = {
			isa = PBXGroup;
			children = (
				3B4A08AB27AA7C5D0023FAFD /* Movie.swift */,
			);
			path = Models;
			sourceTree = "<group>";
		};
		3B4A08B527AA7D7F0023FAFD /* Helpers+Extensions */ = {
			isa = PBXGroup;
			children = (
				3B4A08B627AA7DC00023FAFD /* NetworkError.swift */,
			);
			path = "Helpers+Extensions";
			sourceTree = "<group>";
		};
/* End PBXGroup section */

/* Begin PBXNativeTarget section */
		3B4A088B27AA7B790023FAFD /* MovieAPI */ = {
			isa = PBXNativeTarget;
			buildConfigurationList = 3B4A08A027AA7B7B0023FAFD /* Build configuration list for PBXNativeTarget "MovieAPI" */;
			buildPhases = (
				3B4A088827AA7B790023FAFD /* Sources */,
				3B4A088927AA7B790023FAFD /* Frameworks */,
				3B4A088A27AA7B790023FAFD /* Resources */,
			);
			buildRules = (
			);
			dependencies = (
			);
			name = MovieAPI;
			productName = MovieAPI;
			productReference = 3B4A088C27AA7B790023FAFD /* MovieAPI.app */;
			productType = "com.apple.product-type.application";
		};
/* End PBXNativeTarget section */

/* Begin PBXProject section */
		3B4A088427AA7B790023FAFD /* Project object */ = {
			isa = PBXProject;
			attributes = {
				BuildIndependentTargetsInParallel = 1;
				LastSwiftUpdateCheck = 1320;
				LastUpgradeCheck = 1320;
				TargetAttributes = {
					3B4A088B27AA7B790023FAFD = {
						CreatedOnToolsVersion = 13.2.1;
					};
				};
			};
			buildConfigurationList = 3B4A088727AA7B790023FAFD /* Build configuration list for PBXProject "MovieAPI" */;
			compatibilityVersion = "Xcode 13.0";
			developmentRegion = en;
			hasScannedForEncodings = 0;
			knownRegions = (
				en,
				Base,
			);
			mainGroup = 3B4A088327AA7B790023FAFD;
			productRefGroup = 3B4A088D27AA7B790023FAFD /* Products */;
			projectDirPath = "";
			projectRoot = "";
			targets = (
				3B4A088B27AA7B790023FAFD /* MovieAPI */,
			);
		};
/* End PBXProject section */

/* Begin PBXResourcesBuildPhase section */
		3B4A088A27AA7B790023FAFD /* Resources */ = {
			isa = PBXResourcesBuildPhase;
			buildActionMask = 2147483647;
			files = (
				3B4A089C27AA7B7B0023FAFD /* LaunchScreen.storyboard in Resources */,
				3B4A089927AA7B7B0023FAFD /* Assets.xcassets in Resources */,
				3B4A089727AA7B790023FAFD /* Main.storyboard in Resources */,
			);
			runOnlyForDeploymentPostprocessing = 0;
		};
/* End PBXResourcesBuildPhase section */

/* Begin PBXSourcesBuildPhase section */
		3B4A088827AA7B790023FAFD /* Sources */ = {
			isa = PBXSourcesBuildPhase;
			buildActionMask = 2147483647;
			files = (
				3B4A08B027AA7CB80023FAFD /* MovieController.swift in Sources */,
				3B4A08AE27AA7C880023FAFD /* MovieTableViewCell.swift in Sources */,
				3B4A089027AA7B790023FAFD /* AppDelegate.swift in Sources */,
				3B4A08AC27AA7C5D0023FAFD /* Movie.swift in Sources */,
				3B4A08B227AA7D020023FAFD /* MoviesListTableViewController.swift in Sources */,
				3B4A08B727AA7DC00023FAFD /* NetworkError.swift in Sources */,
				3B4A089227AA7B790023FAFD /* SceneDelegate.swift in Sources */,
			);
			runOnlyForDeploymentPostprocessing = 0;
		};
/* End PBXSourcesBuildPhase section */

/* Begin PBXVariantGroup section */
		3B4A089527AA7B790023FAFD /* Main.storyboard */ = {
			isa = PBXVariantGroup;
			children = (
				3B4A089627AA7B790023FAFD /* Base */,
			);
			name = Main.storyboard;
			sourceTree = "<group>";
		};
		3B4A089A27AA7B7B0023FAFD /* LaunchScreen.storyboard */ = {
			isa = PBXVariantGroup;
			children = (
				3B4A089B27AA7B7B0023FAFD /* Base */,
			);
			name = LaunchScreen.storyboard;
			sourceTree = "<group>";
		};
/* End PBXVariantGroup section */

/* Begin XCBuildConfiguration section */
		3B4A089E27AA7B7B0023FAFD /* Debug */ = {
			isa = XCBuildConfiguration;
			buildSettings = {
				ALWAYS_SEARCH_USER_PATHS = NO;
				CLANG_ANALYZER_NONNULL = YES;
				CLANG_ANALYZER_NUMBER_OBJECT_CONVERSION = YES_AGGRESSIVE;
				CLANG_CXX_LANGUAGE_STANDARD = "gnu++17";
				CLANG_CXX_LIBRARY = "libc++";
				CLANG_ENABLE_MODULES = YES;
				CLANG_ENABLE_OBJC_ARC = YES;
				CLANG_ENABLE_OBJC_WEAK = YES;
				CLANG_WARN_BLOCK_CAPTURE_AUTORELEASING = YES;
				CLANG_WARN_BOOL_CONVERSION = YES;
				CLANG_WARN_COMMA = YES;
				CLANG_WARN_CONSTANT_CONVERSION = YES;
				CLANG_WARN_DEPRECATED_OBJC_IMPLEMENTATIONS = YES;
				CLANG_WARN_DIRECT_OBJC_ISA_USAGE = YES_ERROR;
				CLANG_WARN_DOCUMENTATION_COMMENTS = YES;
				CLANG_WARN_EMPTY_BODY = YES;
				CLANG_WARN_ENUM_CONVERSION = YES;
				CLANG_WARN_INFINITE_RECURSION = YES;
				CLANG_WARN_INT_CONVERSION = YES;
				CLANG_WARN_NON_LITERAL_NULL_CONVERSION = YES;
				CLANG_WARN_OBJC_IMPLICIT_RETAIN_SELF = YES;
				CLANG_WARN_OBJC_LITERAL_CONVERSION = YES;
				CLANG_WARN_OBJC_ROOT_CLASS = YES_ERROR;
				CLANG_WARN_QUOTED_INCLUDE_IN_FRAMEWORK_HEADER = YES;
				CLANG_WARN_RANGE_LOOP_ANALYSIS = YES;
				CLANG_WARN_STRICT_PROTOTYPES = YES;
				CLANG_WARN_SUSPICIOUS_MOVE = YES;
				CLANG_WARN_UNGUARDED_AVAILABILITY = YES_AGGRESSIVE;
				CLANG_WARN_UNREACHABLE_CODE = YES;
				CLANG_WARN__DUPLICATE_METHOD_MATCH = YES;
				COPY_PHASE_STRIP = NO;
				DEBUG_INFORMATION_FORMAT = dwarf;
				ENABLE_STRICT_OBJC_MSGSEND = YES;
				ENABLE_TESTABILITY = YES;
				GCC_C_LANGUAGE_STANDARD = gnu11;
				GCC_DYNAMIC_NO_PIC = NO;
				GCC_NO_COMMON_BLOCKS = YES;
				GCC_OPTIMIZATION_LEVEL = 0;
				GCC_PREPROCESSOR_DEFINITIONS = (
					"DEBUG=1",
					"$(inherited)",
				);
				GCC_WARN_64_TO_32_BIT_CONVERSION = YES;
				GCC_WARN_ABOUT_RETURN_TYPE = YES_ERROR;
				GCC_WARN_UNDECLARED_SELECTOR = YES;
				GCC_WARN_UNINITIALIZED_AUTOS = YES_AGGRESSIVE;
				GCC_WARN_UNUSED_FUNCTION = YES;
				GCC_WARN_UNUSED_VARIABLE = YES;
				IPHONEOS_DEPLOYMENT_TARGET = 15.2;
				MTL_ENABLE_DEBUG_INFO = INCLUDE_SOURCE;
				MTL_FAST_MATH = YES;
				ONLY_ACTIVE_ARCH = YES;
				SDKROOT = iphoneos;
				SWIFT_ACTIVE_COMPILATION_CONDITIONS = DEBUG;
				SWIFT_OPTIMIZATION_LEVEL = "-Onone";
			};
			name = Debug;
		};
		3B4A089F27AA7B7B0023FAFD /* Release */ = {
			isa = XCBuildConfiguration;
			buildSettings = {
				ALWAYS_SEARCH_USER_PATHS = NO;
				CLANG_ANALYZER_NONNULL = YES;
				CLANG_ANALYZER_NUMBER_OBJECT_CONVERSION = YES_AGGRESSIVE;
				CLANG_CXX_LANGUAGE_STANDARD = "gnu++17";
				CLANG_CXX_LIBRARY = "libc++";
				CLANG_ENABLE_MODULES = YES;
				CLANG_ENABLE_OBJC_ARC = YES;
				CLANG_ENABLE_OBJC_WEAK = YES;
				CLANG_WARN_BLOCK_CAPTURE_AUTORELEASING = YES;
				CLANG_WARN_BOOL_CONVERSION = YES;
				CLANG_WARN_COMMA = YES;
				CLANG_WARN_CONSTANT_CONVERSION = YES;
				CLANG_WARN_DEPRECATED_OBJC_IMPLEMENTATIONS = YES;
				CLANG_WARN_DIRECT_OBJC_ISA_USAGE = YES_ERROR;
				CLANG_WARN_DOCUMENTATION_COMMENTS = YES;
				CLANG_WARN_EMPTY_BODY = YES;
				CLANG_WARN_ENUM_CONVERSION = YES;
				CLANG_WARN_INFINITE_RECURSION = YES;
				CLANG_WARN_INT_CONVERSION = YES;
				CLANG_WARN_NON_LITERAL_NULL_CONVERSION = YES;
				CLANG_WARN_OBJC_IMPLICIT_RETAIN_SELF = YES;
				CLANG_WARN_OBJC_LITERAL_CONVERSION = YES;
				CLANG_WARN_OBJC_ROOT_CLASS = YES_ERROR;
				CLANG_WARN_QUOTED_INCLUDE_IN_FRAMEWORK_HEADER = YES;
				CLANG_WARN_RANGE_LOOP_ANALYSIS = YES;
				CLANG_WARN_STRICT_PROTOTYPES = YES;
				CLANG_WARN_SUSPICIOUS_MOVE = YES;
				CLANG_WARN_UNGUARDED_AVAILABILITY = YES_AGGRESSIVE;
				CLANG_WARN_UNREACHABLE_CODE = YES;
				CLANG_WARN__DUPLICATE_METHOD_MATCH = YES;
				COPY_PHASE_STRIP = NO;
				DEBUG_INFORMATION_FORMAT = "dwarf-with-dsym";
				ENABLE_NS_ASSERTIONS = NO;
				ENABLE_STRICT_OBJC_MSGSEND = YES;
				GCC_C_LANGUAGE_STANDARD = gnu11;
				GCC_NO_COMMON_BLOCKS = YES;
				GCC_WARN_64_TO_32_BIT_CONVERSION = YES;
				GCC_WARN_ABOUT_RETURN_TYPE = YES_ERROR;
				GCC_WARN_UNDECLARED_SELECTOR = YES;
				GCC_WARN_UNINITIALIZED_AUTOS = YES_AGGRESSIVE;
				GCC_WARN_UNUSED_FUNCTION = YES;
				GCC_WARN_UNUSED_VARIABLE = YES;
				IPHONEOS_DEPLOYMENT_TARGET = 15.2;
				MTL_ENABLE_DEBUG_INFO = NO;
				MTL_FAST_MATH = YES;
				SDKROOT = iphoneos;
				SWIFT_COMPILATION_MODE = wholemodule;
				SWIFT_OPTIMIZATION_LEVEL = "-O";
				VALIDATE_PRODUCT = YES;
			};
			name = Release;
		};
		3B4A08A127AA7B7B0023FAFD /* Debug */ = {
			isa = XCBuildConfiguration;
			buildSettings = {
				ASSETCATALOG_COMPILER_APPICON_NAME = AppIcon;
				ASSETCATALOG_COMPILER_GLOBAL_ACCENT_COLOR_NAME = AccentColor;
				CODE_SIGN_STYLE = Automatic;
				CURRENT_PROJECT_VERSION = 1;
				DEVELOPMENT_TEAM = G3VP62JDQQ;
				GENERATE_INFOPLIST_FILE = YES;
				INFOPLIST_FILE = MovieAPI/Resources/Info.plist;
				INFOPLIST_KEY_UIApplicationSupportsIndirectInputEvents = YES;
				INFOPLIST_KEY_UILaunchStoryboardName = LaunchScreen;
				INFOPLIST_KEY_UIMainStoryboardFile = Main;
				INFOPLIST_KEY_UISupportedInterfaceOrientations_iPad = "UIInterfaceOrientationPortrait UIInterfaceOrientationPortraitUpsideDown UIInterfaceOrientationLandscapeLeft UIInterfaceOrientationLandscapeRight";
				INFOPLIST_KEY_UISupportedInterfaceOrientations_iPhone = "UIInterfaceOrientationPortrait UIInterfaceOrientationLandscapeLeft UIInterfaceOrientationLandscapeRight";
				LD_RUNPATH_SEARCH_PATHS = (
					"$(inherited)",
					"@executable_path/Frameworks",
				);
				MARKETING_VERSION = 1.0;
				PRODUCT_BUNDLE_IDENTIFIER = "com.mitya-kim.MovieAPI";
				PRODUCT_NAME = "$(TARGET_NAME)";
				SWIFT_EMIT_LOC_STRINGS = YES;
				SWIFT_VERSION = 5.0;
				TARGETED_DEVICE_FAMILY = "1,2";
			};
			name = Debug;
		};
		3B4A08A227AA7B7B0023FAFD /* Release */ = {
			isa = XCBuildConfiguration;
			buildSettings = {
				ASSETCATALOG_COMPILER_APPICON_NAME = AppIcon;
				ASSETCATALOG_COMPILER_GLOBAL_ACCENT_COLOR_NAME = AccentColor;
				CODE_SIGN_STYLE = Automatic;
				CURRENT_PROJECT_VERSION = 1;
				DEVELOPMENT_TEAM = G3VP62JDQQ;
				GENERATE_INFOPLIST_FILE = YES;
				INFOPLIST_FILE = MovieAPI/Resources/Info.plist;
				INFOPLIST_KEY_UIApplicationSupportsIndirectInputEvents = YES;
				INFOPLIST_KEY_UILaunchStoryboardName = LaunchScreen;
				INFOPLIST_KEY_UIMainStoryboardFile = Main;
				INFOPLIST_KEY_UISupportedInterfaceOrientations_iPad = "UIInterfaceOrientationPortrait UIInterfaceOrientationPortraitUpsideDown UIInterfaceOrientationLandscapeLeft UIInterfaceOrientationLandscapeRight";
				INFOPLIST_KEY_UISupportedInterfaceOrientations_iPhone = "UIInterfaceOrientationPortrait UIInterfaceOrientationLandscapeLeft UIInterfaceOrientationLandscapeRight";
				LD_RUNPATH_SEARCH_PATHS = (
					"$(inherited)",
					"@executable_path/Frameworks",
				);
				MARKETING_VERSION = 1.0;
				PRODUCT_BUNDLE_IDENTIFIER = "com.mitya-kim.MovieAPI";
				PRODUCT_NAME = "$(TARGET_NAME)";
				SWIFT_EMIT_LOC_STRINGS = YES;
				SWIFT_VERSION = 5.0;
				TARGETED_DEVICE_FAMILY = "1,2";
			};
			name = Release;
		};
/* End XCBuildConfiguration section */

/* Begin XCConfigurationList section */
		3B4A088727AA7B790023FAFD /* Build configuration list for PBXProject "MovieAPI" */ = {
			isa = XCConfigurationList;
			buildConfigurations = (
				3B4A089E27AA7B7B0023FAFD /* Debug */,
				3B4A089F27AA7B7B0023FAFD /* Release */,
			);
			defaultConfigurationIsVisible = 0;
			defaultConfigurationName = Release;
		};
		3B4A08A027AA7B7B0023FAFD /* Build configuration list for PBXNativeTarget "MovieAPI" */ = {
			isa = XCConfigurationList;
			buildConfigurations = (
				3B4A08A127AA7B7B0023FAFD /* Debug */,
				3B4A08A227AA7B7B0023FAFD /* Release */,
			);
			defaultConfigurationIsVisible = 0;
			defaultConfigurationName = Release;
		};
/* End XCConfigurationList section */
	};
	rootObject = 3B4A088427AA7B790023FAFD /* Project object */;
}
